// !$*UTF8*$!
{
	archiveVersion = 1;
	classes = {
	};
	objectVersion = 77;
	objects = {

/* Begin PBXContainerItemProxy section */
		9007DA842EB59BE800606DD4 /* PBXContainerItemProxy */ = {
			isa = PBXContainerItemProxy;
			containerPortal = 9007DA6E2EB59BE200606DD4 /* Project object */;
			proxyType = 1;
			remoteGlobalIDString = 9007DA752EB59BE200606DD4;
			remoteInfo = MindfulLiving;
		};
		9007DA8E2EB59BE800606DD4 /* PBXContainerItemProxy */ = {
			isa = PBXContainerItemProxy;
			containerPortal = 9007DA6E2EB59BE200606DD4 /* Project object */;
			proxyType = 1;
			remoteGlobalIDString = 9007DA752EB59BE200606DD4;
			remoteInfo = MindfulLiving;
		};
/* End PBXContainerItemProxy section */

/* Begin PBXFileReference section */
		9007DA762EB59BE200606DD4 /* MindfulLiving.app */ = {isa = PBXFileReference; explicitFileType = wrapper.application; includeInIndex = 0; path = MindfulLiving.app; sourceTree = BUILT_PRODUCTS_DIR; };
		9007DA832EB59BE800606DD4 /* MindfulLivingTests.xctest */ = {isa = PBXFileReference; explicitFileType = wrapper.cfbundle; includeInIndex = 0; path = MindfulLivingTests.xctest; sourceTree = BUILT_PRODUCTS_DIR; };
		9007DA8D2EB59BE800606DD4 /* MindfulLivingUITests.xctest */ = {isa = PBXFileReference; explicitFileType = wrapper.cfbundle; includeInIndex = 0; path = MindfulLivingUITests.xctest; sourceTree = BUILT_PRODUCTS_DIR; };
/* End PBXFileReference section */

/* Begin PBXFileSystemSynchronizedRootGroup section */
		9007DA782EB59BE200606DD4 /* MindfulLiving */ = {
			isa = PBXFileSystemSynchronizedRootGroup;
			path = MindfulLiving;
			sourceTree = "<group>";
		};
		9007DA862EB59BE800606DD4 /* MindfulLivingTests */ = {
			isa = PBXFileSystemSynchronizedRootGroup;
			path = MindfulLivingTests;
			sourceTree = "<group>";
		};
		9007DA902EB59BE800606DD4 /* MindfulLivingUITests */ = {
			isa = PBXFileSystemSynchronizedRootGroup;
			path = MindfulLivingUITests;
			sourceTree = "<group>";
		};
/* End PBXFileSystemSynchronizedRootGroup section */

/* Begin PBXFrameworksBuildPhase section */
		9007DA732EB59BE200606DD4 /* Frameworks */ = {
			isa = PBXFrameworksBuildPhase;
			buildActionMask = 2147483647;
			files = (
			);
			runOnlyForDeploymentPostprocessing = 0;
		};
		9007DA802EB59BE800606DD4 /* Frameworks */ = {
			isa = PBXFrameworksBuildPhase;
			buildActionMask = 2147483647;
			files = (
			);
			runOnlyForDeploymentPostprocessing = 0;
		};
		9007DA8A2EB59BE800606DD4 /* Frameworks */ = {
			isa = PBXFrameworksBuildPhase;
			buildActionMask = 2147483647;
			files = (
			);
			runOnlyForDeploymentPostprocessing = 0;
		};
/* End PBXFrameworksBuildPhase section */

/* Begin PBXGroup section */
		9007DA6D2EB59BE200606DD4 = {
			isa = PBXGroup;
			children = (
				9007DA782EB59BE200606DD4 /* MindfulLiving */,
				9007DA862EB59BE800606DD4 /* MindfulLivingTests */,
				9007DA902EB59BE800606DD4 /* MindfulLivingUITests */,
				9007DA772EB59BE200606DD4 /* Products */,
			);
			sourceTree = "<group>";
		};
		9007DA772EB59BE200606DD4 /* Products */ = {
			isa = PBXGroup;
			children = (
				9007DA762EB59BE200606DD4 /* MindfulLiving.app */,
				9007DA832EB59BE800606DD4 /* MindfulLivingTests.xctest */,
				9007DA8D2EB59BE800606DD4 /* MindfulLivingUITests.xctest */,
			);
			name = Products;
			sourceTree = "<group>";
		};
/* End PBXGroup section */

/* Begin PBXNativeTarget section */
		9007DA752EB59BE200606DD4 /* MindfulLiving */ = {
			isa = PBXNativeTarget;
			buildConfigurationList = 9007DA972EB59BE800606DD4 /* Build configuration list for PBXNativeTarget "MindfulLiving" */;
			buildPhases = (
				9007DA722EB59BE200606DD4 /* Sources */,
				9007DA732EB59BE200606DD4 /* Frameworks */,
				9007DA742EB59BE200606DD4 /* Resources */,
			);
			buildRules = (
			);
			dependencies = (
			);
			fileSystemSynchronizedGroups = (
				9007DA782EB59BE200606DD4 /* MindfulLiving */,
			);
			name = MindfulLiving;
			packageProductDependencies = (
			);
			productName = MindfulLiving;
			productReference = 9007DA762EB59BE200606DD4 /* MindfulLiving.app */;
			productType = "com.apple.product-type.application";
		};
		9007DA822EB59BE800606DD4 /* MindfulLivingTests */ = {
			isa = PBXNativeTarget;
			buildConfigurationList = 9007DA9A2EB59BE800606DD4 /* Build configuration list for PBXNativeTarget "MindfulLivingTests" */;
			buildPhases = (
				9007DA7F2EB59BE800606DD4 /* Sources */,
				9007DA802EB59BE800606DD4 /* Frameworks */,
				9007DA812EB59BE800606DD4 /* Resources */,
			);
			buildRules = (
			);
			dependencies = (
				9007DA852EB59BE800606DD4 /* PBXTargetDependency */,
			);
			fileSystemSynchronizedGroups = (
				9007DA862EB59BE800606DD4 /* MindfulLivingTests */,
			);
			name = MindfulLivingTests;
			packageProductDependencies = (
			);
			productName = MindfulLivingTests;
			productReference = 9007DA832EB59BE800606DD4 /* MindfulLivingTests.xctest */;
			productType = "com.apple.product-type.bundle.unit-test";
		};
		9007DA8C2EB59BE800606DD4 /* MindfulLivingUITests */ = {
			isa = PBXNativeTarget;
			buildConfigurationList = 9007DA9D2EB59BE800606DD4 /* Build configuration list for PBXNativeTarget "MindfulLivingUITests" */;
			buildPhases = (
				9007DA892EB59BE800606DD4 /* Sources */,
				9007DA8A2EB59BE800606DD4 /* Frameworks */,
				9007DA8B2EB59BE800606DD4 /* Resources */,
			);
			buildRules = (
			);
			dependencies = (
				9007DA8F2EB59BE800606DD4 /* PBXTargetDependency */,
			);
			fileSystemSynchronizedGroups = (
				9007DA902EB59BE800606DD4 /* MindfulLivingUITests */,
			);
			name = MindfulLivingUITests;
			packageProductDependencies = (
			);
			productName = MindfulLivingUITests;
			productReference = 9007DA8D2EB59BE800606DD4 /* MindfulLivingUITests.xctest */;
			productType = "com.apple.product-type.bundle.ui-testing";
		};
/* End PBXNativeTarget section */

/* Begin PBXProject section */
		9007DA6E2EB59BE200606DD4 /* Project object */ = {
			isa = PBXProject;
			attributes = {
				BuildIndependentTargetsInParallel = 1;
				LastSwiftUpdateCheck = 1640;
				LastUpgradeCheck = 1640;
				TargetAttributes = {
					9007DA752EB59BE200606DD4 = {
						CreatedOnToolsVersion = 16.4;
					};
					9007DA822EB59BE800606DD4 = {
						CreatedOnToolsVersion = 16.4;
						TestTargetID = 9007DA752EB59BE200606DD4;
					};
					9007DA8C2EB59BE800606DD4 = {
						CreatedOnToolsVersion = 16.4;
						TestTargetID = 9007DA752EB59BE200606DD4;
					};
				};
			};
			buildConfigurationList = 9007DA712EB59BE200606DD4 /* Build configuration list for PBXProject "MindfulLiving" */;
			developmentRegion = en;
			hasScannedForEncodings = 0;
			knownRegions = (
				en,
				Base,
			);
			mainGroup = 9007DA6D2EB59BE200606DD4;
			minimizedProjectReferenceProxies = 1;
			preferredProjectObjectVersion = 77;
			productRefGroup = 9007DA772EB59BE200606DD4 /* Products */;
			projectDirPath = "";
			projectRoot = "";
			targets = (
				9007DA752EB59BE200606DD4 /* MindfulLiving */,
				9007DA822EB59BE800606DD4 /* MindfulLivingTests */,
				9007DA8C2EB59BE800606DD4 /* MindfulLivingUITests */,
			);
		};
/* End PBXProject section */

/* Begin PBXResourcesBuildPhase section */
		9007DA742EB59BE200606DD4 /* Resources */ = {
			isa = PBXResourcesBuildPhase;
			buildActionMask = 2147483647;
			files = (
			);
			runOnlyForDeploymentPostprocessing = 0;
		};
		9007DA812EB59BE800606DD4 /* Resources */ = {
			isa = PBXResourcesBuildPhase;
			buildActionMask = 2147483647;
			files = (
			);
			runOnlyForDeploymentPostprocessing = 0;
		};
		9007DA8B2EB59BE800606DD4 /* Resources */ = {
			isa = PBXResourcesBuildPhase;
			buildActionMask = 2147483647;
			files = (
			);
			runOnlyForDeploymentPostprocessing = 0;
		};
/* End PBXResourcesBuildPhase section */

/* Begin PBXSourcesBuildPhase section */
		9007DA722EB59BE200606DD4 /* Sources */ = {
			isa = PBXSourcesBuildPhase;
			buildActionMask = 2147483647;
			files = (
			);
			runOnlyForDeploymentPostprocessing = 0;
		};
		9007DA7F2EB59BE800606DD4 /* Sources */ = {
			isa = PBXSourcesBuildPhase;
			buildActionMask = 2147483647;
			files = (
			);
			runOnlyForDeploymentPostprocessing = 0;
		};
		9007DA892EB59BE800606DD4 /* Sources */ = {
			isa = PBXSourcesBuildPhase;
			buildActionMask = 2147483647;
			files = (
			);
			runOnlyForDeploymentPostprocessing = 0;
		};
/* End PBXSourcesBuildPhase section */

/* Begin PBXTargetDependency section */
		9007DA852EB59BE800606DD4 /* PBXTargetDependency */ = {
			isa = PBXTargetDependency;
			target = 9007DA752EB59BE200606DD4 /* MindfulLiving */;
			targetProxy = 9007DA842EB59BE800606DD4 /* PBXContainerItemProxy */;
		};
		9007DA8F2EB59BE800606DD4 /* PBXTargetDependency */ = {
			isa = PBXTargetDependency;
			target = 9007DA752EB59BE200606DD4 /* MindfulLiving */;
			targetProxy = 9007DA8E2EB59BE800606DD4 /* PBXContainerItemProxy */;
		};
/* End PBXTargetDependency section */

/* Begin XCBuildConfiguration section */
		9007DA952EB59BE800606DD4 /* Debug */ = {
			isa = XCBuildConfiguration;
			buildSettings = {
				ALWAYS_SEARCH_USER_PATHS = NO;
				ASSETCATALOG_COMPILER_GENERATE_SWIFT_ASSET_SYMBOL_EXTENSIONS = YES;
				CLANG_ANALYZER_NONNULL = YES;
				CLANG_ANALYZER_NUMBER_OBJECT_CONVERSION = YES_AGGRESSIVE;
				CLANG_CXX_LANGUAGE_STANDARD = "gnu++20";
				CLANG_ENABLE_MODULES = YES;
				CLANG_ENABLE_OBJC_ARC = YES;
				CLANG_ENABLE_OBJC_WEAK = YES;
				CLANG_WARN_BLOCK_CAPTURE_AUTORELEASING = YES;
				CLANG_WARN_BOOL_CONVERSION = YES;
				CLANG_WARN_COMMA = YES;
				CLANG_WARN_CONSTANT_CONVERSION = YES;
				CLANG_WARN_DEPRECATED_OBJC_IMPLEMENTATIONS = YES;
				CLANG_WARN_DIRECT_OBJC_ISA_USAGE = YES_ERROR;
				CLANG_WARN_DOCUMENTATION_COMMENTS = YES;
				CLANG_WARN_EMPTY_BODY = YES;
				CLANG_WARN_ENUM_CONVERSION = YES;
				CLANG_WARN_INFINITE_RECURSION = YES;
				CLANG_WARN_INT_CONVERSION = YES;
				CLANG_WARN_NON_LITERAL_NULL_CONVERSION = YES;
				CLANG_WARN_OBJC_IMPLICIT_RETAIN_SELF = YES;
				CLANG_WARN_OBJC_LITERAL_CONVERSION = YES;
				CLANG_WARN_OBJC_ROOT_CLASS = YES_ERROR;
				CLANG_WARN_QUOTED_INCLUDE_IN_FRAMEWORK_HEADER = YES;
				CLANG_WARN_RANGE_LOOP_ANALYSIS = YES;
				CLANG_WARN_STRICT_PROTOTYPES = YES;
				CLANG_WARN_SUSPICIOUS_MOVE = YES;
				CLANG_WARN_UNGUARDED_AVAILABILITY = YES_AGGRESSIVE;
				CLANG_WARN_UNREACHABLE_CODE = YES;
				CLANG_WARN__DUPLICATE_METHOD_MATCH = YES;
				COPY_PHASE_STRIP = NO;
				DEBUG_INFORMATION_FORMAT = dwarf;
				DEVELOPMENT_TEAM = ZW6PP4YAN4;
				ENABLE_STRICT_OBJC_MSGSEND = YES;
				ENABLE_TESTABILITY = YES;
				ENABLE_USER_SCRIPT_SANDBOXING = YES;
				GCC_C_LANGUAGE_STANDARD = gnu17;
				GCC_DYNAMIC_NO_PIC = NO;
				GCC_NO_COMMON_BLOCKS = YES;
				GCC_OPTIMIZATION_LEVEL = 0;
				GCC_PREPROCESSOR_DEFINITIONS = (
					"DEBUG=1",
					"$(inherited)",
				);
				GCC_WARN_64_TO_32_BIT_CONVERSION = YES;
				GCC_WARN_ABOUT_RETURN_TYPE = YES_ERROR;
				GCC_WARN_UNDECLARED_SELECTOR = YES;
				GCC_WARN_UNINITIALIZED_AUTOS = YES_AGGRESSIVE;
				GCC_WARN_UNUSED_FUNCTION = YES;
				GCC_WARN_UNUSED_VARIABLE = YES;
				IPHONEOS_DEPLOYMENT_TARGET = 18.5;
				LOCALIZATION_PREFERS_STRING_CATALOGS = YES;
				MTL_ENABLE_DEBUG_INFO = INCLUDE_SOURCE;
				MTL_FAST_MATH = YES;
				ONLY_ACTIVE_ARCH = YES;
				SDKROOT = iphoneos;
				SWIFT_ACTIVE_COMPILATION_CONDITIONS = "DEBUG $(inherited)";
				SWIFT_OPTIMIZATION_LEVEL = "-Onone";
			};
			name = Debug;
		};
		9007DA962EB59BE800606DD4 /* Release */ = {
			isa = XCBuildConfiguration;
			buildSettings = {
				ALWAYS_SEARCH_USER_PATHS = NO;
				ASSETCATALOG_COMPILER_GENERATE_SWIFT_ASSET_SYMBOL_EXTENSIONS = YES;
				CLANG_ANALYZER_NONNULL = YES;
				CLANG_ANALYZER_NUMBER_OBJECT_CONVERSION = YES_AGGRESSIVE;
				CLANG_CXX_LANGUAGE_STANDARD = "gnu++20";
				CLANG_ENABLE_MODULES = YES;
				CLANG_ENABLE_OBJC_ARC = YES;
				CLANG_ENABLE_OBJC_WEAK = YES;
				CLANG_WARN_BLOCK_CAPTURE_AUTORELEASING = YES;
				CLANG_WARN_BOOL_CONVERSION = YES;
				CLANG_WARN_COMMA = YES;
				CLANG_WARN_CONSTANT_CONVERSION = YES;
				CLANG_WARN_DEPRECATED_OBJC_IMPLEMENTATIONS = YES;
				CLANG_WARN_DIRECT_OBJC_ISA_USAGE = YES_ERROR;
				CLANG_WARN_DOCUMENTATION_COMMENTS = YES;
				CLANG_WARN_EMPTY_BODY = YES;
				CLANG_WARN_ENUM_CONVERSION = YES;
				CLANG_WARN_INFINITE_RECURSION = YES;
				CLANG_WARN_INT_CONVERSION = YES;
				CLANG_WARN_NON_LITERAL_NULL_CONVERSION = YES;
				CLANG_WARN_OBJC_IMPLICIT_RETAIN_SELF = YES;
				CLANG_WARN_OBJC_LITERAL_CONVERSION = YES;
				CLANG_WARN_OBJC_ROOT_CLASS = YES_ERROR;
				CLANG_WARN_QUOTED_INCLUDE_IN_FRAMEWORK_HEADER = YES;
				CLANG_WARN_RANGE_LOOP_ANALYSIS = YES;
				CLANG_WARN_STRICT_PROTOTYPES = YES;
				CLANG_WARN_SUSPICIOUS_MOVE = YES;
				CLANG_WARN_UNGUARDED_AVAILABILITY = YES_AGGRESSIVE;
				CLANG_WARN_UNREACHABLE_CODE = YES;
				CLANG_WARN__DUPLICATE_METHOD_MATCH = YES;
				COPY_PHASE_STRIP = NO;
				DEBUG_INFORMATION_FORMAT = "dwarf-with-dsym";
				DEVELOPMENT_TEAM = ZW6PP4YAN4;
				ENABLE_NS_ASSERTIONS = NO;
				ENABLE_STRICT_OBJC_MSGSEND = YES;
				ENABLE_USER_SCRIPT_SANDBOXING = YES;
				GCC_C_LANGUAGE_STANDARD = gnu17;
				GCC_NO_COMMON_BLOCKS = YES;
				GCC_WARN_64_TO_32_BIT_CONVERSION = YES;
				GCC_WARN_ABOUT_RETURN_TYPE = YES_ERROR;
				GCC_WARN_UNDECLARED_SELECTOR = YES;
				GCC_WARN_UNINITIALIZED_AUTOS = YES_AGGRESSIVE;
				GCC_WARN_UNUSED_FUNCTION = YES;
				GCC_WARN_UNUSED_VARIABLE = YES;
				IPHONEOS_DEPLOYMENT_TARGET = 18.5;
				LOCALIZATION_PREFERS_STRING_CATALOGS = YES;
				MTL_ENABLE_DEBUG_INFO = NO;
				MTL_FAST_MATH = YES;
				SDKROOT = iphoneos;
				SWIFT_COMPILATION_MODE = wholemodule;
				VALIDATE_PRODUCT = YES;
			};
			name = Release;
		};
		9007DA982EB59BE800606DD4 /* Debug */ = {
			isa = XCBuildConfiguration;
			buildSettings = {
				ASSETCATALOG_COMPILER_APPICON_NAME = AppIcon;
				ASSETCATALOG_COMPILER_GLOBAL_ACCENT_COLOR_NAME = AccentColor;
				CODE_SIGN_STYLE = Automatic;
				CURRENT_PROJECT_VERSION = 1;
				DEVELOPMENT_TEAM = ZW6PP4YAN4;
				ENABLE_PREVIEWS = YES;
				GENERATE_INFOPLIST_FILE = YES;
				INFOPLIST_KEY_UIApplicationSceneManifest_Generation = YES;
				INFOPLIST_KEY_UIApplicationSupportsIndirectInputEvents = YES;
				INFOPLIST_KEY_UILaunchScreen_Generation = YES;
				INFOPLIST_KEY_UISupportedInterfaceOrientations_iPad = "UIInterfaceOrientationPortrait UIInterfaceOrientationPortraitUpsideDown UIInterfaceOrientationLandscapeLeft UIInterfaceOrientationLandscapeRight";
				INFOPLIST_KEY_UISupportedInterfaceOrientations_iPhone = "UIInterfaceOrientationPortrait UIInterfaceOrientationLandscapeLeft UIInterfaceOrientationLandscapeRight";
				LD_RUNPATH_SEARCH_PATHS = (
					"$(inherited)",
					"@executable_path/Frameworks",
				);
				MARKETING_VERSION = 1.0;
				PRODUCT_BUNDLE_IDENTIFIER = com.hub4apps.MindfulLiving;
				PRODUCT_NAME = "$(TARGET_NAME)";
				SWIFT_EMIT_LOC_STRINGS = YES;
				SWIFT_VERSION = 5.0;
				TARGETED_DEVICE_FAMILY = "1,2";
			};
			name = Debug;
		};
		9007DA992EB59BE800606DD4 /* Release */ = {
			isa = XCBuildConfiguration;
			buildSettings = {
				ASSETCATALOG_COMPILER_APPICON_NAME = AppIcon;
				ASSETCATALOG_COMPILER_GLOBAL_ACCENT_COLOR_NAME = AccentColor;
				CODE_SIGN_STYLE = Automatic;
				CURRENT_PROJECT_VERSION = 1;
				DEVELOPMENT_TEAM = ZW6PP4YAN4;
				ENABLE_PREVIEWS = YES;
				GENERATE_INFOPLIST_FILE = YES;
				INFOPLIST_KEY_UIApplicationSceneManifest_Generation = YES;
				INFOPLIST_KEY_UIApplicationSupportsIndirectInputEvents = YES;
				INFOPLIST_KEY_UILaunchScreen_Generation = YES;
				INFOPLIST_KEY_UISupportedInterfaceOrientations_iPad = "UIInterfaceOrientationPortrait UIInterfaceOrientationPortraitUpsideDown UIInterfaceOrientationLandscapeLeft UIInterfaceOrientationLandscapeRight";
				INFOPLIST_KEY_UISupportedInterfaceOrientations_iPhone = "UIInterfaceOrientationPortrait UIInterfaceOrientationLandscapeLeft UIInterfaceOrientationLandscapeRight";
				LD_RUNPATH_SEARCH_PATHS = (
					"$(inherited)",
					"@executable_path/Frameworks",
				);
				MARKETING_VERSION = 1.0;
				PRODUCT_BUNDLE_IDENTIFIER = com.hub4apps.MindfulLiving;
				PRODUCT_NAME = "$(TARGET_NAME)";
				SWIFT_EMIT_LOC_STRINGS = YES;
				SWIFT_VERSION = 5.0;
				TARGETED_DEVICE_FAMILY = "1,2";
			};
			name = Release;
		};
		9007DA9B2EB59BE800606DD4 /* Debug */ = {
			isa = XCBuildConfiguration;
			buildSettings = {
				BUNDLE_LOADER = "$(TEST_HOST)";
				CODE_SIGN_STYLE = Automatic;
				CURRENT_PROJECT_VERSION = 1;
				DEVELOPMENT_TEAM = ZW6PP4YAN4;
				GENERATE_INFOPLIST_FILE = YES;
				IPHONEOS_DEPLOYMENT_TARGET = 18.5;
				MARKETING_VERSION = 1.0;
				PRODUCT_BUNDLE_IDENTIFIER = com.hub4apps.MindfulLivingTests;
				PRODUCT_NAME = "$(TARGET_NAME)";
				SWIFT_EMIT_LOC_STRINGS = NO;
				SWIFT_VERSION = 5.0;
				TARGETED_DEVICE_FAMILY = "1,2";
				TEST_HOST = "$(BUILT_PRODUCTS_DIR)/MindfulLiving.app/$(BUNDLE_EXECUTABLE_FOLDER_PATH)/MindfulLiving";
			};
			name = Debug;
		};
		9007DA9C2EB59BE800606DD4 /* Release */ = {
			isa = XCBuildConfiguration;
			buildSettings = {
				BUNDLE_LOADER = "$(TEST_HOST)";
				CODE_SIGN_STYLE = Automatic;
				CURRENT_PROJECT_VERSION = 1;
				DEVELOPMENT_TEAM = ZW6PP4YAN4;
				GENERATE_INFOPLIST_FILE = YES;
				IPHONEOS_DEPLOYMENT_TARGET = 18.5;
				MARKETING_VERSION = 1.0;
				PRODUCT_BUNDLE_IDENTIFIER = com.hub4apps.MindfulLivingTests;
				PRODUCT_NAME = "$(TARGET_NAME)";
				SWIFT_EMIT_LOC_STRINGS = NO;
				SWIFT_VERSION = 5.0;
				TARGETED_DEVICE_FAMILY = "1,2";
				TEST_HOST = "$(BUILT_PRODUCTS_DIR)/MindfulLiving.app/$(BUNDLE_EXECUTABLE_FOLDER_PATH)/MindfulLiving";
			};
			name = Release;
		};
		9007DA9E2EB59BE800606DD4 /* Debug */ = {
			isa = XCBuildConfiguration;
			buildSettings = {
				CODE_SIGN_STYLE = Automatic;
				CURRENT_PROJECT_VERSION = 1;
				DEVELOPMENT_TEAM = ZW6PP4YAN4;
				GENERATE_INFOPLIST_FILE = YES;
				MARKETING_VERSION = 1.0;
				PRODUCT_BUNDLE_IDENTIFIER = com.hub4apps.MindfulLivingUITests;
				PRODUCT_NAME = "$(TARGET_NAME)";
				SWIFT_EMIT_LOC_STRINGS = NO;
				SWIFT_VERSION = 5.0;
				TARGETED_DEVICE_FAMILY = "1,2";
				TEST_TARGET_NAME = MindfulLiving;
			};
			name = Debug;
		};
		9007DA9F2EB59BE800606DD4 /* Release */ = {
			isa = XCBuildConfiguration;
			buildSettings = {
				CODE_SIGN_STYLE = Automatic;
				CURRENT_PROJECT_VERSION = 1;
				DEVELOPMENT_TEAM = ZW6PP4YAN4;
				GENERATE_INFOPLIST_FILE = YES;
				MARKETING_VERSION = 1.0;
				PRODUCT_BUNDLE_IDENTIFIER = com.hub4apps.MindfulLivingUITests;
				PRODUCT_NAME = "$(TARGET_NAME)";
				SWIFT_EMIT_LOC_STRINGS = NO;
				SWIFT_VERSION = 5.0;
				TARGETED_DEVICE_FAMILY = "1,2";
				TEST_TARGET_NAME = MindfulLiving;
			};
			name = Release;
		};
/* End XCBuildConfiguration section */

/* Begin XCConfigurationList section */
		9007DA712EB59BE200606DD4 /* Build configuration list for PBXProject "MindfulLiving" */ = {
			isa = XCConfigurationList;
			buildConfigurations = (
				9007DA952EB59BE800606DD4 /* Debug */,
				9007DA962EB59BE800606DD4 /* Release */,
			);
			defaultConfigurationIsVisible = 0;
			defaultConfigurationName = Release;
		};
		9007DA972EB59BE800606DD4 /* Build configuration list for PBXNativeTarget "MindfulLiving" */ = {
			isa = XCConfigurationList;
			buildConfigurations = (
				9007DA982EB59BE800606DD4 /* Debug */,
				9007DA992EB59BE800606DD4 /* Release */,
			);
			defaultConfigurationIsVisible = 0;
			defaultConfigurationName = Release;
		};
		9007DA9A2EB59BE800606DD4 /* Build configuration list for PBXNativeTarget "MindfulLivingTests" */ = {
			isa = XCConfigurationList;
			buildConfigurations = (
				9007DA9B2EB59BE800606DD4 /* Debug */,
				9007DA9C2EB59BE800606DD4 /* Release */,
			);
			defaultConfigurationIsVisible = 0;
			defaultConfigurationName = Release;
		};
		9007DA9D2EB59BE800606DD4 /* Build configuration list for PBXNativeTarget "MindfulLivingUITests" */ = {
			isa = XCConfigurationList;
			buildConfigurations = (
				9007DA9E2EB59BE800606DD4 /* Debug */,
				9007DA9F2EB59BE800606DD4 /* Release */,
			);
			defaultConfigurationIsVisible = 0;
			defaultConfigurationName = Release;
		};
/* End XCConfigurationList section */
	};
	rootObject = 9007DA6E2EB59BE200606DD4 /* Project object */;
}
